// !$*UTF8*$!
{
	archiveVersion = 1;
	classes = {
	};
	objectVersion = 60;
	objects = {

/* Begin PBXBuildFile section */
		2A5B13C02CB763A60064F36A /* SubtitleCoverApp.swift in Sources */ = {isa = PBXBuildFile; fileRef = 2A5B13BF2CB763A60064F36A /* SubtitleCoverApp.swift */; };
		2A5B13C42CB763A80064F36A /* Assets.xcassets in Resources */ = {isa = PBXBuildFile; fileRef = 2A5B13C32CB763A80064F36A /* Assets.xcassets */; };
		2A5B13C72CB763A80064F36A /* Preview Assets.xcassets in Resources */ = {isa = PBXBuildFile; fileRef = 2A5B13C62CB763A80064F36A /* Preview Assets.xcassets */; };
		2A5B13D22CB763A80064F36A /* SubtitleCoverTests.swift in Sources */ = {isa = PBXBuildFile; fileRef = 2A5B13D12CB763A80064F36A /* SubtitleCoverTests.swift */; };
		2A5B13DC2CB763A80064F36A /* SubtitleCoverUITests.swift in Sources */ = {isa = PBXBuildFile; fileRef = 2A5B13DB2CB763A80064F36A /* SubtitleCoverUITests.swift */; };
		2A5B13DE2CB763A80064F36A /* SubtitleCoverUITestsLaunchTests.swift in Sources */ = {isa = PBXBuildFile; fileRef = 2A5B13DD2CB763A80064F36A /* SubtitleCoverUITestsLaunchTests.swift */; };
		2A5B13EB2CB768250064F36A /* WindowSettings.swift in Sources */ = {isa = PBXBuildFile; fileRef = 2A5B13EA2CB768250064F36A /* WindowSettings.swift */; };
		2A5B13ED2CB768290064F36A /* SettingsView.swift in Sources */ = {isa = PBXBuildFile; fileRef = 2A5B13EC2CB768290064F36A /* SettingsView.swift */; };
		2A5B13EF2CB769A90064F36A /* AppDelegate.swift in Sources */ = {isa = PBXBuildFile; fileRef = 2A5B13EE2CB769A90064F36A /* AppDelegate.swift */; };
		2A5B13F12CB76ED40064F36A /* ResizableView.swift in Sources */ = {isa = PBXBuildFile; fileRef = 2A5B13F02CB76ED40064F36A /* ResizableView.swift */; };
/* End PBXBuildFile section */

/* Begin PBXContainerItemProxy section */
		2A5B13CE2CB763A80064F36A /* PBXContainerItemProxy */ = {
			isa = PBXContainerItemProxy;
			containerPortal = 2A5B13B42CB763A60064F36A /* Project object */;
			proxyType = 1;
			remoteGlobalIDString = 2A5B13BB2CB763A60064F36A;
			remoteInfo = SubtitleCover;
		};
		2A5B13D82CB763A80064F36A /* PBXContainerItemProxy */ = {
			isa = PBXContainerItemProxy;
			containerPortal = 2A5B13B42CB763A60064F36A /* Project object */;
			proxyType = 1;
			remoteGlobalIDString = 2A5B13BB2CB763A60064F36A;
			remoteInfo = SubtitleCover;
		};
/* End PBXContainerItemProxy section */

/* Begin PBXFileReference section */
		2A5B13BC2CB763A60064F36A /* SubtitleCover.app */ = {isa = PBXFileReference; explicitFileType = wrapper.application; includeInIndex = 0; path = SubtitleCover.app; sourceTree = BUILT_PRODUCTS_DIR; };
		2A5B13BF2CB763A60064F36A /* SubtitleCoverApp.swift */ = {isa = PBXFileReference; lastKnownFileType = sourcecode.swift; path = SubtitleCoverApp.swift; sourceTree = "<group>"; };
		2A5B13C32CB763A80064F36A /* Assets.xcassets */ = {isa = PBXFileReference; lastKnownFileType = folder.assetcatalog; path = Assets.xcassets; sourceTree = "<group>"; };
		2A5B13C62CB763A80064F36A /* Preview Assets.xcassets */ = {isa = PBXFileReference; lastKnownFileType = folder.assetcatalog; path = "Preview Assets.xcassets"; sourceTree = "<group>"; };
		2A5B13C82CB763A80064F36A /* SubtitleCover.entitlements */ = {isa = PBXFileReference; lastKnownFileType = text.plist.entitlements; path = SubtitleCover.entitlements; sourceTree = "<group>"; };
		2A5B13CD2CB763A80064F36A /* SubtitleCoverTests.xctest */ = {isa = PBXFileReference; explicitFileType = wrapper.cfbundle; includeInIndex = 0; path = SubtitleCoverTests.xctest; sourceTree = BUILT_PRODUCTS_DIR; };
		2A5B13D12CB763A80064F36A /* SubtitleCoverTests.swift */ = {isa = PBXFileReference; lastKnownFileType = sourcecode.swift; path = SubtitleCoverTests.swift; sourceTree = "<group>"; };
		2A5B13D72CB763A80064F36A /* SubtitleCoverUITests.xctest */ = {isa = PBXFileReference; explicitFileType = wrapper.cfbundle; includeInIndex = 0; path = SubtitleCoverUITests.xctest; sourceTree = BUILT_PRODUCTS_DIR; };
		2A5B13DB2CB763A80064F36A /* SubtitleCoverUITests.swift */ = {isa = PBXFileReference; lastKnownFileType = sourcecode.swift; path = SubtitleCoverUITests.swift; sourceTree = "<group>"; };
		2A5B13DD2CB763A80064F36A /* SubtitleCoverUITestsLaunchTests.swift */ = {isa = PBXFileReference; lastKnownFileType = sourcecode.swift; path = SubtitleCoverUITestsLaunchTests.swift; sourceTree = "<group>"; };
		2A5B13EA2CB768250064F36A /* WindowSettings.swift */ = {isa = PBXFileReference; lastKnownFileType = sourcecode.swift; path = WindowSettings.swift; sourceTree = "<group>"; };
		2A5B13EC2CB768290064F36A /* SettingsView.swift */ = {isa = PBXFileReference; lastKnownFileType = sourcecode.swift; path = SettingsView.swift; sourceTree = "<group>"; };
		2A5B13EE2CB769A90064F36A /* AppDelegate.swift */ = {isa = PBXFileReference; lastKnownFileType = sourcecode.swift; path = AppDelegate.swift; sourceTree = "<group>"; };
		2A5B13F02CB76ED40064F36A /* ResizableView.swift */ = {isa = PBXFileReference; lastKnownFileType = sourcecode.swift; path = ResizableView.swift; sourceTree = "<group>"; };
/* End PBXFileReference section */

/* Begin PBXFrameworksBuildPhase section */
		2A5B13B92CB763A60064F36A /* Frameworks */ = {
			isa = PBXFrameworksBuildPhase;
			buildActionMask = 2147483647;
			files = (
			);
			runOnlyForDeploymentPostprocessing = 0;
		};
		2A5B13CA2CB763A80064F36A /* Frameworks */ = {
			isa = PBXFrameworksBuildPhase;
			buildActionMask = 2147483647;
			files = (
			);
			runOnlyForDeploymentPostprocessing = 0;
		};
		2A5B13D42CB763A80064F36A /* Frameworks */ = {
			isa = PBXFrameworksBuildPhase;
			buildActionMask = 2147483647;
			files = (
			);
			runOnlyForDeploymentPostprocessing = 0;
		};
/* End PBXFrameworksBuildPhase section */

/* Begin PBXGroup section */
		2A5B13B32CB763A60064F36A = {
			isa = PBXGroup;
			children = (
				2A5B13BE2CB763A60064F36A /* SubtitleCover */,
				2A5B13D02CB763A80064F36A /* SubtitleCoverTests */,
				2A5B13DA2CB763A80064F36A /* SubtitleCoverUITests */,
				2A5B13BD2CB763A60064F36A /* Products */,
			);
			sourceTree = "<group>";
		};
		2A5B13BD2CB763A60064F36A /* Products */ = {
			isa = PBXGroup;
			children = (
				2A5B13BC2CB763A60064F36A /* SubtitleCover.app */,
				2A5B13CD2CB763A80064F36A /* SubtitleCoverTests.xctest */,
				2A5B13D72CB763A80064F36A /* SubtitleCoverUITests.xctest */,
			);
			name = Products;
			sourceTree = "<group>";
		};
		2A5B13BE2CB763A60064F36A /* SubtitleCover */ = {
			isa = PBXGroup;
			children = (
				2A5B13BF2CB763A60064F36A /* SubtitleCoverApp.swift */,
				2A5B13C32CB763A80064F36A /* Assets.xcassets */,
				2A5B13C82CB763A80064F36A /* SubtitleCover.entitlements */,
				2A5B13C52CB763A80064F36A /* Preview Content */,
				2A5B13EA2CB768250064F36A /* WindowSettings.swift */,
				2A5B13EC2CB768290064F36A /* SettingsView.swift */,
				2A5B13F02CB76ED40064F36A /* ResizableView.swift */,
				2A5B13EE2CB769A90064F36A /* AppDelegate.swift */,
			);
			path = SubtitleCover;
			sourceTree = "<group>";
		};
		2A5B13C52CB763A80064F36A /* Preview Content */ = {
			isa = PBXGroup;
			children = (
				2A5B13C62CB763A80064F36A /* Preview Assets.xcassets */,
			);
			path = "Preview Content";
			sourceTree = "<group>";
		};
		2A5B13D02CB763A80064F36A /* SubtitleCoverTests */ = {
			isa = PBXGroup;
			children = (
				2A5B13D12CB763A80064F36A /* SubtitleCoverTests.swift */,
			);
			path = SubtitleCoverTests;
			sourceTree = "<group>";
		};
		2A5B13DA2CB763A80064F36A /* SubtitleCoverUITests */ = {
			isa = PBXGroup;
			children = (
				2A5B13DB2CB763A80064F36A /* SubtitleCoverUITests.swift */,
				2A5B13DD2CB763A80064F36A /* SubtitleCoverUITestsLaunchTests.swift */,
			);
			path = SubtitleCoverUITests;
			sourceTree = "<group>";
		};
/* End PBXGroup section */

/* Begin PBXNativeTarget section */
		2A5B13BB2CB763A60064F36A /* SubtitleCover */ = {
			isa = PBXNativeTarget;
			buildConfigurationList = 2A5B13E12CB763A80064F36A /* Build configuration list for PBXNativeTarget "SubtitleCover" */;
			buildPhases = (
				2A5B13B82CB763A60064F36A /* Sources */,
				2A5B13B92CB763A60064F36A /* Frameworks */,
				2A5B13BA2CB763A60064F36A /* Resources */,
			);
			buildRules = (
			);
			dependencies = (
			);
			name = SubtitleCover;
			productName = SubtitleCover;
			productReference = 2A5B13BC2CB763A60064F36A /* SubtitleCover.app */;
			productType = "com.apple.product-type.application";
		};
		2A5B13CC2CB763A80064F36A /* SubtitleCoverTests */ = {
			isa = PBXNativeTarget;
			buildConfigurationList = 2A5B13E42CB763A80064F36A /* Build configuration list for PBXNativeTarget "SubtitleCoverTests" */;
			buildPhases = (
				2A5B13C92CB763A80064F36A /* Sources */,
				2A5B13CA2CB763A80064F36A /* Frameworks */,
				2A5B13CB2CB763A80064F36A /* Resources */,
			);
			buildRules = (
			);
			dependencies = (
				2A5B13CF2CB763A80064F36A /* PBXTargetDependency */,
			);
			name = SubtitleCoverTests;
			productName = SubtitleCoverTests;
			productReference = 2A5B13CD2CB763A80064F36A /* SubtitleCoverTests.xctest */;
			productType = "com.apple.product-type.bundle.unit-test";
		};
		2A5B13D62CB763A80064F36A /* SubtitleCoverUITests */ = {
			isa = PBXNativeTarget;
			buildConfigurationList = 2A5B13E72CB763A80064F36A /* Build configuration list for PBXNativeTarget "SubtitleCoverUITests" */;
			buildPhases = (
				2A5B13D32CB763A80064F36A /* Sources */,
				2A5B13D42CB763A80064F36A /* Frameworks */,
				2A5B13D52CB763A80064F36A /* Resources */,
			);
			buildRules = (
			);
			dependencies = (
				2A5B13D92CB763A80064F36A /* PBXTargetDependency */,
			);
			name = SubtitleCoverUITests;
			productName = SubtitleCoverUITests;
			productReference = 2A5B13D72CB763A80064F36A /* SubtitleCoverUITests.xctest */;
			productType = "com.apple.product-type.bundle.ui-testing";
		};
/* End PBXNativeTarget section */

/* Begin PBXProject section */
		2A5B13B42CB763A60064F36A /* Project object */ = {
			isa = PBXProject;
			attributes = {
				BuildIndependentTargetsInParallel = 1;
				LastSwiftUpdateCheck = 1600;
				LastUpgradeCheck = 1600;
				TargetAttributes = {
					2A5B13BB2CB763A60064F36A = {
						CreatedOnToolsVersion = 16.0;
					};
					2A5B13CC2CB763A80064F36A = {
						CreatedOnToolsVersion = 16.0;
						TestTargetID = 2A5B13BB2CB763A60064F36A;
					};
					2A5B13D62CB763A80064F36A = {
						CreatedOnToolsVersion = 16.0;
						TestTargetID = 2A5B13BB2CB763A60064F36A;
					};
				};
			};
			buildConfigurationList = 2A5B13B72CB763A60064F36A /* Build configuration list for PBXProject "SubtitleCover" */;
			compatibilityVersion = "Xcode 15.0";
			developmentRegion = en;
			hasScannedForEncodings = 0;
			knownRegions = (
				en,
				Base,
			);
			mainGroup = 2A5B13B32CB763A60064F36A;
			productRefGroup = 2A5B13BD2CB763A60064F36A /* Products */;
			projectDirPath = "";
			projectRoot = "";
			targets = (
				2A5B13BB2CB763A60064F36A /* SubtitleCover */,
				2A5B13CC2CB763A80064F36A /* SubtitleCoverTests */,
				2A5B13D62CB763A80064F36A /* SubtitleCoverUITests */,
			);
		};
/* End PBXProject section */

/* Begin PBXResourcesBuildPhase section */
		2A5B13BA2CB763A60064F36A /* Resources */ = {
			isa = PBXResourcesBuildPhase;
			buildActionMask = 2147483647;
			files = (
				2A5B13C72CB763A80064F36A /* Preview Assets.xcassets in Resources */,
				2A5B13C42CB763A80064F36A /* Assets.xcassets in Resources */,
			);
			runOnlyForDeploymentPostprocessing = 0;
		};
		2A5B13CB2CB763A80064F36A /* Resources */ = {
			isa = PBXResourcesBuildPhase;
			buildActionMask = 2147483647;
			files = (
			);
			runOnlyForDeploymentPostprocessing = 0;
		};
		2A5B13D52CB763A80064F36A /* Resources */ = {
			isa = PBXResourcesBuildPhase;
			buildActionMask = 2147483647;
			files = (
			);
			runOnlyForDeploymentPostprocessing = 0;
		};
/* End PBXResourcesBuildPhase section */

/* Begin PBXSourcesBuildPhase section */
		2A5B13B82CB763A60064F36A /* Sources */ = {
			isa = PBXSourcesBuildPhase;
			buildActionMask = 2147483647;
			files = (
				2A5B13ED2CB768290064F36A /* SettingsView.swift in Sources */,
				2A5B13EB2CB768250064F36A /* WindowSettings.swift in Sources */,
				2A5B13EF2CB769A90064F36A /* AppDelegate.swift in Sources */,
				2A5B13F12CB76ED40064F36A /* ResizableView.swift in Sources */,
				2A5B13C02CB763A60064F36A /* SubtitleCoverApp.swift in Sources */,
			);
			runOnlyForDeploymentPostprocessing = 0;
		};
		2A5B13C92CB763A80064F36A /* Sources */ = {
			isa = PBXSourcesBuildPhase;
			buildActionMask = 2147483647;
			files = (
				2A5B13D22CB763A80064F36A /* SubtitleCoverTests.swift in Sources */,
			);
			runOnlyForDeploymentPostprocessing = 0;
		};
		2A5B13D32CB763A80064F36A /* Sources */ = {
			isa = PBXSourcesBuildPhase;
			buildActionMask = 2147483647;
			files = (
				2A5B13DE2CB763A80064F36A /* SubtitleCoverUITestsLaunchTests.swift in Sources */,
				2A5B13DC2CB763A80064F36A /* SubtitleCoverUITests.swift in Sources */,
			);
			runOnlyForDeploymentPostprocessing = 0;
		};
/* End PBXSourcesBuildPhase section */

/* Begin PBXTargetDependency section */
		2A5B13CF2CB763A80064F36A /* PBXTargetDependency */ = {
			isa = PBXTargetDependency;
			target = 2A5B13BB2CB763A60064F36A /* SubtitleCover */;
			targetProxy = 2A5B13CE2CB763A80064F36A /* PBXContainerItemProxy */;
		};
		2A5B13D92CB763A80064F36A /* PBXTargetDependency */ = {
			isa = PBXTargetDependency;
			target = 2A5B13BB2CB763A60064F36A /* SubtitleCover */;
			targetProxy = 2A5B13D82CB763A80064F36A /* PBXContainerItemProxy */;
		};
/* End PBXTargetDependency section */

/* Begin XCBuildConfiguration section */
		2A5B13DF2CB763A80064F36A /* Debug */ = {
			isa = XCBuildConfiguration;
			buildSettings = {
				ALWAYS_SEARCH_USER_PATHS = NO;
				ASSETCATALOG_COMPILER_GENERATE_SWIFT_ASSET_SYMBOL_EXTENSIONS = YES;
				CLANG_ANALYZER_NONNULL = YES;
				CLANG_ANALYZER_NUMBER_OBJECT_CONVERSION = YES_AGGRESSIVE;
				CLANG_CXX_LANGUAGE_STANDARD = "gnu++20";
				CLANG_ENABLE_MODULES = YES;
				CLANG_ENABLE_OBJC_ARC = YES;
				CLANG_ENABLE_OBJC_WEAK = YES;
				CLANG_WARN_BLOCK_CAPTURE_AUTORELEASING = YES;
				CLANG_WARN_BOOL_CONVERSION = YES;
				CLANG_WARN_COMMA = YES;
				CLANG_WARN_CONSTANT_CONVERSION = YES;
				CLANG_WARN_DEPRECATED_OBJC_IMPLEMENTATIONS = YES;
				CLANG_WARN_DIRECT_OBJC_ISA_USAGE = YES_ERROR;
				CLANG_WARN_DOCUMENTATION_COMMENTS = YES;
				CLANG_WARN_EMPTY_BODY = YES;
				CLANG_WARN_ENUM_CONVERSION = YES;
				CLANG_WARN_INFINITE_RECURSION = YES;
				CLANG_WARN_INT_CONVERSION = YES;
				CLANG_WARN_NON_LITERAL_NULL_CONVERSION = YES;
				CLANG_WARN_OBJC_IMPLICIT_RETAIN_SELF = YES;
				CLANG_WARN_OBJC_LITERAL_CONVERSION = YES;
				CLANG_WARN_OBJC_ROOT_CLASS = YES_ERROR;
				CLANG_WARN_QUOTED_INCLUDE_IN_FRAMEWORK_HEADER = YES;
				CLANG_WARN_RANGE_LOOP_ANALYSIS = YES;
				CLANG_WARN_STRICT_PROTOTYPES = YES;
				CLANG_WARN_SUSPICIOUS_MOVE = YES;
				CLANG_WARN_UNGUARDED_AVAILABILITY = YES_AGGRESSIVE;
				CLANG_WARN_UNREACHABLE_CODE = YES;
				CLANG_WARN__DUPLICATE_METHOD_MATCH = YES;
				COPY_PHASE_STRIP = NO;
				DEBUG_INFORMATION_FORMAT = dwarf;
				ENABLE_STRICT_OBJC_MSGSEND = YES;
				ENABLE_TESTABILITY = YES;
				ENABLE_USER_SCRIPT_SANDBOXING = YES;
				GCC_C_LANGUAGE_STANDARD = gnu17;
				GCC_DYNAMIC_NO_PIC = NO;
				GCC_NO_COMMON_BLOCKS = YES;
				GCC_OPTIMIZATION_LEVEL = 0;
				GCC_PREPROCESSOR_DEFINITIONS = (
					"DEBUG=1",
					"$(inherited)",
				);
				GCC_WARN_64_TO_32_BIT_CONVERSION = YES;
				GCC_WARN_ABOUT_RETURN_TYPE = YES_ERROR;
				GCC_WARN_UNDECLARED_SELECTOR = YES;
				GCC_WARN_UNINITIALIZED_AUTOS = YES_AGGRESSIVE;
				GCC_WARN_UNUSED_FUNCTION = YES;
				GCC_WARN_UNUSED_VARIABLE = YES;
				LOCALIZATION_PREFERS_STRING_CATALOGS = YES;
				MACOSX_DEPLOYMENT_TARGET = 15.0;
				MTL_ENABLE_DEBUG_INFO = INCLUDE_SOURCE;
				MTL_FAST_MATH = YES;
				ONLY_ACTIVE_ARCH = YES;
				SDKROOT = macosx;
				SWIFT_ACTIVE_COMPILATION_CONDITIONS = "DEBUG $(inherited)";
				SWIFT_OPTIMIZATION_LEVEL = "-Onone";
			};
			name = Debug;
		};
		2A5B13E02CB763A80064F36A /* Release */ = {
			isa = XCBuildConfiguration;
			buildSettings = {
				ALWAYS_SEARCH_USER_PATHS = NO;
				ASSETCATALOG_COMPILER_GENERATE_SWIFT_ASSET_SYMBOL_EXTENSIONS = YES;
				CLANG_ANALYZER_NONNULL = YES;
				CLANG_ANALYZER_NUMBER_OBJECT_CONVERSION = YES_AGGRESSIVE;
				CLANG_CXX_LANGUAGE_STANDARD = "gnu++20";
				CLANG_ENABLE_MODULES = YES;
				CLANG_ENABLE_OBJC_ARC = YES;
				CLANG_ENABLE_OBJC_WEAK = YES;
				CLANG_WARN_BLOCK_CAPTURE_AUTORELEASING = YES;
				CLANG_WARN_BOOL_CONVERSION = YES;
				CLANG_WARN_COMMA = YES;
				CLANG_WARN_CONSTANT_CONVERSION = YES;
				CLANG_WARN_DEPRECATED_OBJC_IMPLEMENTATIONS = YES;
				CLANG_WARN_DIRECT_OBJC_ISA_USAGE = YES_ERROR;
				CLANG_WARN_DOCUMENTATION_COMMENTS = YES;
				CLANG_WARN_EMPTY_BODY = YES;
				CLANG_WARN_ENUM_CONVERSION = YES;
				CLANG_WARN_INFINITE_RECURSION = YES;
				CLANG_WARN_INT_CONVERSION = YES;
				CLANG_WARN_NON_LITERAL_NULL_CONVERSION = YES;
				CLANG_WARN_OBJC_IMPLICIT_RETAIN_SELF = YES;
				CLANG_WARN_OBJC_LITERAL_CONVERSION = YES;
				CLANG_WARN_OBJC_ROOT_CLASS = YES_ERROR;
				CLANG_WARN_QUOTED_INCLUDE_IN_FRAMEWORK_HEADER = YES;
				CLANG_WARN_RANGE_LOOP_ANALYSIS = YES;
				CLANG_WARN_STRICT_PROTOTYPES = YES;
				CLANG_WARN_SUSPICIOUS_MOVE = YES;
				CLANG_WARN_UNGUARDED_AVAILABILITY = YES_AGGRESSIVE;
				CLANG_WARN_UNREACHABLE_CODE = YES;
				CLANG_WARN__DUPLICATE_METHOD_MATCH = YES;
				COPY_PHASE_STRIP = NO;
				DEBUG_INFORMATION_FORMAT = "dwarf-with-dsym";
				ENABLE_NS_ASSERTIONS = NO;
				ENABLE_STRICT_OBJC_MSGSEND = YES;
				ENABLE_USER_SCRIPT_SANDBOXING = YES;
				GCC_C_LANGUAGE_STANDARD = gnu17;
				GCC_NO_COMMON_BLOCKS = YES;
				GCC_WARN_64_TO_32_BIT_CONVERSION = YES;
				GCC_WARN_ABOUT_RETURN_TYPE = YES_ERROR;
				GCC_WARN_UNDECLARED_SELECTOR = YES;
				GCC_WARN_UNINITIALIZED_AUTOS = YES_AGGRESSIVE;
				GCC_WARN_UNUSED_FUNCTION = YES;
				GCC_WARN_UNUSED_VARIABLE = YES;
				LOCALIZATION_PREFERS_STRING_CATALOGS = YES;
				MACOSX_DEPLOYMENT_TARGET = 15.0;
				MTL_ENABLE_DEBUG_INFO = NO;
				MTL_FAST_MATH = YES;
				SDKROOT = macosx;
				SWIFT_COMPILATION_MODE = wholemodule;
			};
			name = Release;
		};
		2A5B13E22CB763A80064F36A /* Debug */ = {
			isa = XCBuildConfiguration;
			buildSettings = {
				ASSETCATALOG_COMPILER_APPICON_NAME = AppIcon;
				ASSETCATALOG_COMPILER_GLOBAL_ACCENT_COLOR_NAME = AccentColor;
				CODE_SIGN_ENTITLEMENTS = SubtitleCover/SubtitleCover.entitlements;
				CODE_SIGN_STYLE = Automatic;
				COMBINE_HIDPI_IMAGES = YES;
				CURRENT_PROJECT_VERSION = 1;
				DEVELOPMENT_ASSET_PATHS = "\"SubtitleCover/Preview Content\"";
				ENABLE_PREVIEWS = YES;
				GENERATE_INFOPLIST_FILE = YES;
				INFOPLIST_KEY_CFBundleDisplayName = SubtitleCover;
				INFOPLIST_KEY_LSApplicationCategoryType = "public.app-category.education";
				INFOPLIST_KEY_NSHumanReadableCopyright = "";
				LD_RUNPATH_SEARCH_PATHS = (
					"$(inherited)",
					"@executable_path/../Frameworks",
				);
				MARKETING_VERSION = 1.0;
				PRODUCT_BUNDLE_IDENTIFIER = in.zhangyu.subtitlecover.SubtitleCover;
				PRODUCT_NAME = "$(TARGET_NAME)";
				SWIFT_EMIT_LOC_STRINGS = YES;
				SWIFT_VERSION = 5.0;
			};
			name = Debug;
		};
		2A5B13E32CB763A80064F36A /* Release */ = {
			isa = XCBuildConfiguration;
			buildSettings = {
				ASSETCATALOG_COMPILER_APPICON_NAME = AppIcon;
				ASSETCATALOG_COMPILER_GLOBAL_ACCENT_COLOR_NAME = AccentColor;
				CODE_SIGN_ENTITLEMENTS = SubtitleCover/SubtitleCover.entitlements;
				CODE_SIGN_STYLE = Automatic;
				COMBINE_HIDPI_IMAGES = YES;
				CURRENT_PROJECT_VERSION = 1;
				DEVELOPMENT_ASSET_PATHS = "\"SubtitleCover/Preview Content\"";
				ENABLE_PREVIEWS = YES;
				GENERATE_INFOPLIST_FILE = YES;
				INFOPLIST_KEY_CFBundleDisplayName = SubtitleCover;
				INFOPLIST_KEY_LSApplicationCategoryType = "public.app-category.education";
				INFOPLIST_KEY_NSHumanReadableCopyright = "";
				LD_RUNPATH_SEARCH_PATHS = (
					"$(inherited)",
					"@executable_path/../Frameworks",
				);
				MARKETING_VERSION = 1.0;
				PRODUCT_BUNDLE_IDENTIFIER = in.zhangyu.subtitlecover.SubtitleCover;
				PRODUCT_NAME = "$(TARGET_NAME)";
				SWIFT_EMIT_LOC_STRINGS = YES;
				SWIFT_VERSION = 5.0;
			};
			name = Release;
		};
		2A5B13E52CB763A80064F36A /* Debug */ = {
			isa = XCBuildConfiguration;
			buildSettings = {
				BUNDLE_LOADER = "$(TEST_HOST)";
				CODE_SIGN_STYLE = Automatic;
				CURRENT_PROJECT_VERSION = 1;
				GENERATE_INFOPLIST_FILE = YES;
				MACOSX_DEPLOYMENT_TARGET = 15.0;
				MARKETING_VERSION = 1.0;
				PRODUCT_BUNDLE_IDENTIFIER = in.zhangyu.subtitlecover.SubtitleCoverTests;
				PRODUCT_NAME = "$(TARGET_NAME)";
				SWIFT_EMIT_LOC_STRINGS = NO;
				SWIFT_VERSION = 5.0;
				TEST_HOST = "$(BUILT_PRODUCTS_DIR)/SubtitleCover.app/$(BUNDLE_EXECUTABLE_FOLDER_PATH)/SubtitleCover";
			};
			name = Debug;
		};
		2A5B13E62CB763A80064F36A /* Release */ = {
			isa = XCBuildConfiguration;
			buildSettings = {
				BUNDLE_LOADER = "$(TEST_HOST)";
				CODE_SIGN_STYLE = Automatic;
				CURRENT_PROJECT_VERSION = 1;
				GENERATE_INFOPLIST_FILE = YES;
				MACOSX_DEPLOYMENT_TARGET = 15.0;
				MARKETING_VERSION = 1.0;
				PRODUCT_BUNDLE_IDENTIFIER = in.zhangyu.subtitlecover.SubtitleCoverTests;
				PRODUCT_NAME = "$(TARGET_NAME)";
				SWIFT_EMIT_LOC_STRINGS = NO;
				SWIFT_VERSION = 5.0;
				TEST_HOST = "$(BUILT_PRODUCTS_DIR)/SubtitleCover.app/$(BUNDLE_EXECUTABLE_FOLDER_PATH)/SubtitleCover";
			};
			name = Release;
		};
		2A5B13E82CB763A80064F36A /* Debug */ = {
			isa = XCBuildConfiguration;
			buildSettings = {
				CODE_SIGN_STYLE = Automatic;
				CURRENT_PROJECT_VERSION = 1;
				GENERATE_INFOPLIST_FILE = YES;
				MARKETING_VERSION = 1.0;
				PRODUCT_BUNDLE_IDENTIFIER = in.zhangyu.subtitlecover.SubtitleCoverUITests;
				PRODUCT_NAME = "$(TARGET_NAME)";
				SWIFT_EMIT_LOC_STRINGS = NO;
				SWIFT_VERSION = 5.0;
				TEST_TARGET_NAME = SubtitleCover;
			};
			name = Debug;
		};
		2A5B13E92CB763A80064F36A /* Release */ = {
			isa = XCBuildConfiguration;
			buildSettings = {
				CODE_SIGN_STYLE = Automatic;
				CURRENT_PROJECT_VERSION = 1;
				GENERATE_INFOPLIST_FILE = YES;
				MARKETING_VERSION = 1.0;
				PRODUCT_BUNDLE_IDENTIFIER = in.zhangyu.subtitlecover.SubtitleCoverUITests;
				PRODUCT_NAME = "$(TARGET_NAME)";
				SWIFT_EMIT_LOC_STRINGS = NO;
				SWIFT_VERSION = 5.0;
				TEST_TARGET_NAME = SubtitleCover;
			};
			name = Release;
		};
/* End XCBuildConfiguration section */

/* Begin XCConfigurationList section */
		2A5B13B72CB763A60064F36A /* Build configuration list for PBXProject "SubtitleCover" */ = {
			isa = XCConfigurationList;
			buildConfigurations = (
				2A5B13DF2CB763A80064F36A /* Debug */,
				2A5B13E02CB763A80064F36A /* Release */,
			);
			defaultConfigurationIsVisible = 0;
			defaultConfigurationName = Release;
		};
		2A5B13E12CB763A80064F36A /* Build configuration list for PBXNativeTarget "SubtitleCover" */ = {
			isa = XCConfigurationList;
			buildConfigurations = (
				2A5B13E22CB763A80064F36A /* Debug */,
				2A5B13E32CB763A80064F36A /* Release */,
			);
			defaultConfigurationIsVisible = 0;
			defaultConfigurationName = Release;
		};
		2A5B13E42CB763A80064F36A /* Build configuration list for PBXNativeTarget "SubtitleCoverTests" */ = {
			isa = XCConfigurationList;
			buildConfigurations = (
				2A5B13E52CB763A80064F36A /* Debug */,
				2A5B13E62CB763A80064F36A /* Release */,
			);
			defaultConfigurationIsVisible = 0;
			defaultConfigurationName = Release;
		};
		2A5B13E72CB763A80064F36A /* Build configuration list for PBXNativeTarget "SubtitleCoverUITests" */ = {
			isa = XCConfigurationList;
			buildConfigurations = (
				2A5B13E82CB763A80064F36A /* Debug */,
				2A5B13E92CB763A80064F36A /* Release */,
			);
			defaultConfigurationIsVisible = 0;
			defaultConfigurationName = Release;
		};
/* End XCConfigurationList section */
	};
	rootObject = 2A5B13B42CB763A60064F36A /* Project object */;
}
